// !$*UTF8*$!
{
	archiveVersion = 1;
	classes = {
	};
	objectVersion = 50;
	objects = {

/* Begin PBXBuildFile section */
		C18769B525F513D300AFACDC /* main.swift in Sources */ = {isa = PBXBuildFile; fileRef = C18769B425F513D300AFACDC /* main.swift */; };
		C1995DDA25F95BD7009C387A /* ConsoleColor.swift in Sources */ = {isa = PBXBuildFile; fileRef = C1995DD925F95BD7009C387A /* ConsoleColor.swift */; };
		C1B428DC25FBAD5D0044F3D0 /* CodeAnalyserCLI.swift in Sources */ = {isa = PBXBuildFile; fileRef = C1B428DB25FBAD5D0044F3D0 /* CodeAnalyserCLI.swift */; };
/* End PBXBuildFile section */

/* Begin PBXCopyFilesBuildPhase section */
		C18769AF25F513D300AFACDC /* CopyFiles */ = {
			isa = PBXCopyFilesBuildPhase;
			buildActionMask = 2147483647;
			dstPath = /usr/share/man/man1/;
			dstSubfolderSpec = 0;
			files = (
			);
			runOnlyForDeploymentPostprocessing = 1;
		};
/* End PBXCopyFilesBuildPhase section */

/* Begin PBXFileReference section */
		C18769B125F513D300AFACDC /* pinfo */ = {isa = PBXFileReference; explicitFileType = "compiled.mach-o.executable"; includeInIndex = 0; path = pinfo; sourceTree = BUILT_PRODUCTS_DIR; };
		C18769B425F513D300AFACDC /* main.swift */ = {isa = PBXFileReference; lastKnownFileType = sourcecode.swift; path = main.swift; sourceTree = "<group>"; };
		C1995DD925F95BD7009C387A /* ConsoleColor.swift */ = {isa = PBXFileReference; lastKnownFileType = sourcecode.swift; path = ConsoleColor.swift; sourceTree = "<group>"; };
		C1A5915925FCC20A0065823F /* CodeAnalyser */ = {isa = PBXFileReference; lastKnownFileType = folder; name = CodeAnalyser; sourceTree = "<group>"; };
		C1B428DB25FBAD5D0044F3D0 /* CodeAnalyserCLI.swift */ = {isa = PBXFileReference; lastKnownFileType = sourcecode.swift; path = CodeAnalyserCLI.swift; sourceTree = "<group>"; };
/* End PBXFileReference section */

/* Begin PBXFrameworksBuildPhase section */
		C18769AE25F513D300AFACDC /* Frameworks */ = {
			isa = PBXFrameworksBuildPhase;
			buildActionMask = 2147483647;
			files = (
			);
			runOnlyForDeploymentPostprocessing = 0;
		};
/* End PBXFrameworksBuildPhase section */

/* Begin PBXGroup section */
		C18769A825F513D300AFACDC = {
			isa = PBXGroup;
			children = (
				C1A5915825FCC1F20065823F /* CodeAnalyser */,
				C18769B325F513D300AFACDC /* Projectexplorer */,
				C18769B225F513D300AFACDC /* Products */,
			);
			sourceTree = "<group>";
		};
		C18769B225F513D300AFACDC /* Products */ = {
			isa = PBXGroup;
			children = (
				C18769B125F513D300AFACDC /* pinfo */,
			);
			name = Products;
			sourceTree = "<group>";
		};
		C18769B325F513D300AFACDC /* Projectexplorer */ = {
			isa = PBXGroup;
			children = (
				C1B428DE25FBB4CD0044F3D0 /* CLI */,
				C18769B425F513D300AFACDC /* main.swift */,
			);
			path = Projectexplorer;
			sourceTree = "<group>";
		};
		C1995DD825F95BBF009C387A /* ColorOutput */ = {
			isa = PBXGroup;
			children = (
				C1995DD925F95BD7009C387A /* ConsoleColor.swift */,
			);
			path = ColorOutput;
			sourceTree = "<group>";
		};
		C1A5915825FCC1F20065823F /* CodeAnalyser */ = {
			isa = PBXGroup;
			children = (
				C1A5915925FCC20A0065823F /* CodeAnalyser */,
			);
			path = CodeAnalyser;
			sourceTree = "<group>";
		};
		C1B428DE25FBB4CD0044F3D0 /* CLI */ = {
			isa = PBXGroup;
			children = (
				C1995DD825F95BBF009C387A /* ColorOutput */,
				C1B428DB25FBAD5D0044F3D0 /* CodeAnalyserCLI.swift */,
			);
			path = CLI;
			sourceTree = "<group>";
		};
/* End PBXGroup section */

/* Begin PBXNativeTarget section */
		C18769B025F513D300AFACDC /* pinfo */ = {
			isa = PBXNativeTarget;
			buildConfigurationList = C18769B825F513D300AFACDC /* Build configuration list for PBXNativeTarget "pinfo" */;
			buildPhases = (
				C18769AD25F513D300AFACDC /* Sources */,
				C18769AE25F513D300AFACDC /* Frameworks */,
				C18769AF25F513D300AFACDC /* CopyFiles */,
			);
			buildRules = (
			);
			dependencies = (
			);
			name = pinfo;
			productName = Projectexplorer;
			productReference = C18769B125F513D300AFACDC /* pinfo */;
			productType = "com.apple.product-type.tool";
		};
/* End PBXNativeTarget section */

/* Begin PBXProject section */
		C18769A925F513D300AFACDC /* Project object */ = {
			isa = PBXProject;
			attributes = {
				LastSwiftUpdateCheck = 1240;
				LastUpgradeCheck = 1240;
				TargetAttributes = {
					C18769B025F513D300AFACDC = {
						CreatedOnToolsVersion = 12.4;
					};
				};
			};
			buildConfigurationList = C18769AC25F513D300AFACDC /* Build configuration list for PBXProject "Projectexplorer" */;
			compatibilityVersion = "Xcode 9.3";
			developmentRegion = en;
			hasScannedForEncodings = 0;
			knownRegions = (
				en,
				Base,
			);
			mainGroup = C18769A825F513D300AFACDC;
			productRefGroup = C18769B225F513D300AFACDC /* Products */;
			projectDirPath = "";
			projectRoot = "";
			targets = (
				C18769B025F513D300AFACDC /* pinfo */,
			);
		};
/* End PBXProject section */

/* Begin PBXSourcesBuildPhase section */
		C18769AD25F513D300AFACDC /* Sources */ = {
			isa = PBXSourcesBuildPhase;
			buildActionMask = 2147483647;
			files = (
				C18769B525F513D300AFACDC /* main.swift in Sources */,
				C1995DDA25F95BD7009C387A /* ConsoleColor.swift in Sources */,
				C1B428DC25FBAD5D0044F3D0 /* CodeAnalyserCLI.swift in Sources */,
			);
			runOnlyForDeploymentPostprocessing = 0;
		};
/* End PBXSourcesBuildPhase section */

/* Begin XCBuildConfiguration section */
		C18769B625F513D300AFACDC /* Debug */ = {
			isa = XCBuildConfiguration;
			buildSettings = {
				ALWAYS_SEARCH_USER_PATHS = NO;
				CLANG_ANALYZER_NONNULL = YES;
				CLANG_ANALYZER_NUMBER_OBJECT_CONVERSION = YES_AGGRESSIVE;
				CLANG_CXX_LANGUAGE_STANDARD = "gnu++14";
				CLANG_CXX_LIBRARY = "libc++";
				CLANG_ENABLE_MODULES = YES;
				CLANG_ENABLE_OBJC_ARC = YES;
				CLANG_ENABLE_OBJC_WEAK = YES;
				CLANG_WARN_BLOCK_CAPTURE_AUTORELEASING = YES;
				CLANG_WARN_BOOL_CONVERSION = YES;
				CLANG_WARN_COMMA = YES;
				CLANG_WARN_CONSTANT_CONVERSION = YES;
				CLANG_WARN_DEPRECATED_OBJC_IMPLEMENTATIONS = YES;
				CLANG_WARN_DIRECT_OBJC_ISA_USAGE = YES_ERROR;
				CLANG_WARN_DOCUMENTATION_COMMENTS = YES;
				CLANG_WARN_EMPTY_BODY = YES;
				CLANG_WARN_ENUM_CONVERSION = YES;
				CLANG_WARN_INFINITE_RECURSION = YES;
				CLANG_WARN_INT_CONVERSION = YES;
				CLANG_WARN_NON_LITERAL_NULL_CONVERSION = YES;
				CLANG_WARN_OBJC_IMPLICIT_RETAIN_SELF = YES;
				CLANG_WARN_OBJC_LITERAL_CONVERSION = YES;
				CLANG_WARN_OBJC_ROOT_CLASS = YES_ERROR;
				CLANG_WARN_QUOTED_INCLUDE_IN_FRAMEWORK_HEADER = YES;
				CLANG_WARN_RANGE_LOOP_ANALYSIS = YES;
				CLANG_WARN_STRICT_PROTOTYPES = YES;
				CLANG_WARN_SUSPICIOUS_MOVE = YES;
				CLANG_WARN_UNGUARDED_AVAILABILITY = YES_AGGRESSIVE;
				CLANG_WARN_UNREACHABLE_CODE = YES;
				CLANG_WARN__DUPLICATE_METHOD_MATCH = YES;
				COPY_PHASE_STRIP = NO;
				DEBUG_INFORMATION_FORMAT = dwarf;
				ENABLE_STRICT_OBJC_MSGSEND = YES;
				ENABLE_TESTABILITY = YES;
				GCC_C_LANGUAGE_STANDARD = gnu11;
				GCC_DYNAMIC_NO_PIC = NO;
				GCC_NO_COMMON_BLOCKS = YES;
				GCC_OPTIMIZATION_LEVEL = 0;
				GCC_PREPROCESSOR_DEFINITIONS = (
					"DEBUG=1",
					"$(inherited)",
				);
				GCC_WARN_64_TO_32_BIT_CONVERSION = YES;
				GCC_WARN_ABOUT_RETURN_TYPE = YES_ERROR;
				GCC_WARN_UNDECLARED_SELECTOR = YES;
				GCC_WARN_UNINITIALIZED_AUTOS = YES_AGGRESSIVE;
				GCC_WARN_UNUSED_FUNCTION = YES;
				GCC_WARN_UNUSED_VARIABLE = YES;
				MACOSX_DEPLOYMENT_TARGET = 11.1;
				MTL_ENABLE_DEBUG_INFO = INCLUDE_SOURCE;
				MTL_FAST_MATH = YES;
				ONLY_ACTIVE_ARCH = YES;
				SDKROOT = macosx;
				SWIFT_ACTIVE_COMPILATION_CONDITIONS = DEBUG;
				SWIFT_OPTIMIZATION_LEVEL = "-Onone";
			};
			name = Debug;
		};
		C18769B725F513D300AFACDC /* Release */ = {
			isa = XCBuildConfiguration;
			buildSettings = {
				ALWAYS_SEARCH_USER_PATHS = NO;
				CLANG_ANALYZER_NONNULL = YES;
				CLANG_ANALYZER_NUMBER_OBJECT_CONVERSION = YES_AGGRESSIVE;
				CLANG_CXX_LANGUAGE_STANDARD = "gnu++14";
				CLANG_CXX_LIBRARY = "libc++";
				CLANG_ENABLE_MODULES = YES;
				CLANG_ENABLE_OBJC_ARC = YES;
				CLANG_ENABLE_OBJC_WEAK = YES;
				CLANG_WARN_BLOCK_CAPTURE_AUTORELEASING = YES;
				CLANG_WARN_BOOL_CONVERSION = YES;
				CLANG_WARN_COMMA = YES;
				CLANG_WARN_CONSTANT_CONVERSION = YES;
				CLANG_WARN_DEPRECATED_OBJC_IMPLEMENTATIONS = YES;
				CLANG_WARN_DIRECT_OBJC_ISA_USAGE = YES_ERROR;
				CLANG_WARN_DOCUMENTATION_COMMENTS = YES;
				CLANG_WARN_EMPTY_BODY = YES;
				CLANG_WARN_ENUM_CONVERSION = YES;
				CLANG_WARN_INFINITE_RECURSION = YES;
				CLANG_WARN_INT_CONVERSION = YES;
				CLANG_WARN_NON_LITERAL_NULL_CONVERSION = YES;
				CLANG_WARN_OBJC_IMPLICIT_RETAIN_SELF = YES;
				CLANG_WARN_OBJC_LITERAL_CONVERSION = YES;
				CLANG_WARN_OBJC_ROOT_CLASS = YES_ERROR;
				CLANG_WARN_QUOTED_INCLUDE_IN_FRAMEWORK_HEADER = YES;
				CLANG_WARN_RANGE_LOOP_ANALYSIS = YES;
				CLANG_WARN_STRICT_PROTOTYPES = YES;
				CLANG_WARN_SUSPICIOUS_MOVE = YES;
				CLANG_WARN_UNGUARDED_AVAILABILITY = YES_AGGRESSIVE;
				CLANG_WARN_UNREACHABLE_CODE = YES;
				CLANG_WARN__DUPLICATE_METHOD_MATCH = YES;
				COPY_PHASE_STRIP = NO;
				DEBUG_INFORMATION_FORMAT = "dwarf-with-dsym";
				ENABLE_NS_ASSERTIONS = NO;
				ENABLE_STRICT_OBJC_MSGSEND = YES;
				GCC_C_LANGUAGE_STANDARD = gnu11;
				GCC_NO_COMMON_BLOCKS = YES;
				GCC_WARN_64_TO_32_BIT_CONVERSION = YES;
				GCC_WARN_ABOUT_RETURN_TYPE = YES_ERROR;
				GCC_WARN_UNDECLARED_SELECTOR = YES;
				GCC_WARN_UNINITIALIZED_AUTOS = YES_AGGRESSIVE;
				GCC_WARN_UNUSED_FUNCTION = YES;
				GCC_WARN_UNUSED_VARIABLE = YES;
				MACOSX_DEPLOYMENT_TARGET = 11.1;
				MTL_ENABLE_DEBUG_INFO = NO;
				MTL_FAST_MATH = YES;
				SDKROOT = macosx;
				SWIFT_COMPILATION_MODE = wholemodule;
				SWIFT_OPTIMIZATION_LEVEL = "-O";
			};
			name = Release;
		};
		C18769B925F513D300AFACDC /* Debug */ = {
			isa = XCBuildConfiguration;
			buildSettings = {
				CODE_SIGN_IDENTITY = "-";
				CODE_SIGN_STYLE = Manual;
				DEVELOPMENT_TEAM = "";
				ENABLE_HARDENED_RUNTIME = YES;
				PRODUCT_NAME = "$(TARGET_NAME)";
				PROVISIONING_PROFILE_SPECIFIER = "";
				SWIFT_VERSION = 5.0;
			};
			name = Debug;
		};
		C18769BA25F513D300AFACDC /* Release */ = {
			isa = XCBuildConfiguration;
			buildSettings = {
				CODE_SIGN_IDENTITY = "-";
				CODE_SIGN_STYLE = Manual;
				DEVELOPMENT_TEAM = "";
				ENABLE_HARDENED_RUNTIME = YES;
				PRODUCT_NAME = "$(TARGET_NAME)";
				PROVISIONING_PROFILE_SPECIFIER = "";
				SWIFT_VERSION = 5.0;
			};
			name = Release;
		};
/* End XCBuildConfiguration section */

/* Begin XCConfigurationList section */
		C18769AC25F513D300AFACDC /* Build configuration list for PBXProject "Projectexplorer" */ = {
			isa = XCConfigurationList;
			buildConfigurations = (
				C18769B625F513D300AFACDC /* Debug */,
				C18769B725F513D300AFACDC /* Release */,
			);
			defaultConfigurationIsVisible = 0;
			defaultConfigurationName = Release;
		};
		C18769B825F513D300AFACDC /* Build configuration list for PBXNativeTarget "pinfo" */ = {
			isa = XCConfigurationList;
			buildConfigurations = (
				C18769B925F513D300AFACDC /* Debug */,
				C18769BA25F513D300AFACDC /* Release */,
			);
			defaultConfigurationIsVisible = 0;
			defaultConfigurationName = Release;
		};
/* End XCConfigurationList section */
	};
	rootObject = C18769A925F513D300AFACDC /* Project object */;
}
