{
  "object": {
    "pins": [
      {
        "package": "CodeAnalyser",
        "repositoryURL": "https://github.com/konrad1977/CodeAnalyser.git",
        "state": {
          "branch": "main",
          "revision": "6ce2d1d77b063335092cf7c567ba21e2b0b3b66c",
          "version": null
        }
      },
      {
        "package": "Funswift",
        "repositoryURL": "https://github.com/konrad1977/funswift.git",
        "state": {
          "branch": "main",
          "revision": "f8908db7e60c83118e7468da2a8504c805579ed7",
          "version": null
        }
      }
    ]
  },
  "version": 1
}
