{
  "object": {
    "pins": [
      {
        "package": "CodeAnalyser",
        "repositoryURL": "https://github.com/konrad1977/CodeAnalyser.git",
        "state": {
          "branch": "main",
          "revision": "ffb00c318f91782e102688acd08bd177f8da3b43",
          "version": null
        }
      }
    ]
  },
  "version": 1
}
